
Microsoft Visual Studio Solution File, Format Version 12.00
# Visual Studio Version 17
VisualStudioVersion = 17.11.35312.102
MinimumVisualStudioVersion = 10.0.40219.1
Project("{FAE04EC0-301F-11D3-BF4B-00C04F79EFBC}") = "Setul1", "Setul1\Setul1.csproj", "{6DBF8735-861B-4B00-BE75-79854A1C33A4}"
EndProject
Global
	GlobalSection(SolutionConfigurationPlatforms) = preSolution
		Debug|Any CPU = Debug|Any CPU
		Release|Any CPU = Release|Any CPU
	EndGlobalSection
	GlobalSection(ProjectConfigurationPlatforms) = postSolution
		{6DBF8735-861B-4B00-BE75-79854A1C33A4}.Debug|Any CPU.ActiveCfg = Debug|Any CPU
		{6DBF8735-861B-4B00-BE75-79854A1C33A4}.Debug|Any CPU.Build.0 = Debug|Any CPU
		{6DBF8735-861B-4B00-BE75-79854A1C33A4}.Release|Any CPU.ActiveCfg = Release|Any CPU
		{6DBF8735-861B-4B00-BE75-79854A1C33A4}.Release|Any CPU.Build.0 = Release|Any CPU
	EndGlobalSection
	GlobalSection(SolutionProperties) = preSolution
		HideSolutionNode = FALSE
	EndGlobalSection
	GlobalSection(ExtensibilityGlobals) = postSolution
		SolutionGuid = {CC57E4B4-DC3B-4107-8ED7-E293BCD312FC}
	EndGlobalSection
EndGlobal
